// !$*UTF8*$!
{
	archiveVersion = 1;
	classes = {
	};
	objectVersion = 46;
	objects = {

/* Begin PBXBuildFile section */
		EE5A73FE1B429B73009E104D /* main.m in Sources */ = {isa = PBXBuildFile; fileRef = EE5A73FD1B429B73009E104D /* main.m */; };
		EE5A74011B429B73009E104D /* AppDelegate.m in Sources */ = {isa = PBXBuildFile; fileRef = EE5A74001B429B73009E104D /* AppDelegate.m */; };
		EE5A74041B429B73009E104D /* MessageComposerView_test.xcdatamodeld in Sources */ = {isa = PBXBuildFile; fileRef = EE5A74021B429B73009E104D /* MessageComposerView_test.xcdatamodeld */; };
		EE5A740C1B429B73009E104D /* Images.xcassets in Resources */ = {isa = PBXBuildFile; fileRef = EE5A740B1B429B73009E104D /* Images.xcassets */; };
		EE5A741B1B429B73009E104D /* MessageComposerView_testTests.m in Sources */ = {isa = PBXBuildFile; fileRef = EE5A741A1B429B73009E104D /* MessageComposerView_testTests.m */; };
		EE5A74261B429B7F009E104D /* MessageComposerView.m in Sources */ = {isa = PBXBuildFile; fileRef = EE5A74251B429B7F009E104D /* MessageComposerView.m */; };
		EE5A74291B429F38009E104D /* TableViewController.m in Sources */ = {isa = PBXBuildFile; fileRef = EE5A74281B429F38009E104D /* TableViewController.m */; };
/* End PBXBuildFile section */

/* Begin PBXContainerItemProxy section */
		EE5A74151B429B73009E104D /* PBXContainerItemProxy */ = {
			isa = PBXContainerItemProxy;
			containerPortal = EE5A73F01B429B73009E104D /* Project object */;
			proxyType = 1;
			remoteGlobalIDString = EE5A73F71B429B73009E104D;
			remoteInfo = "MessageComposerView-test";
		};
/* End PBXContainerItemProxy section */

/* Begin PBXFileReference section */
		EE5A73F81B429B73009E104D /* MessageComposerView-test.app */ = {isa = PBXFileReference; explicitFileType = wrapper.application; includeInIndex = 0; path = "MessageComposerView-test.app"; sourceTree = BUILT_PRODUCTS_DIR; };
		EE5A73FC1B429B73009E104D /* Info.plist */ = {isa = PBXFileReference; lastKnownFileType = text.plist.xml; path = Info.plist; sourceTree = "<group>"; };
		EE5A73FD1B429B73009E104D /* main.m */ = {isa = PBXFileReference; lastKnownFileType = sourcecode.c.objc; path = main.m; sourceTree = "<group>"; };
		EE5A73FF1B429B73009E104D /* AppDelegate.h */ = {isa = PBXFileReference; lastKnownFileType = sourcecode.c.h; path = AppDelegate.h; sourceTree = "<group>"; };
		EE5A74001B429B73009E104D /* AppDelegate.m */ = {isa = PBXFileReference; lastKnownFileType = sourcecode.c.objc; path = AppDelegate.m; sourceTree = "<group>"; };
		EE5A74031B429B73009E104D /* MessageComposerView_test.xcdatamodel */ = {isa = PBXFileReference; lastKnownFileType = wrapper.xcdatamodel; path = MessageComposerView_test.xcdatamodel; sourceTree = "<group>"; };
		EE5A740B1B429B73009E104D /* Images.xcassets */ = {isa = PBXFileReference; lastKnownFileType = folder.assetcatalog; path = Images.xcassets; sourceTree = "<group>"; };
		EE5A74141B429B73009E104D /* MessageComposerView-testTests.xctest */ = {isa = PBXFileReference; explicitFileType = wrapper.cfbundle; includeInIndex = 0; path = "MessageComposerView-testTests.xctest"; sourceTree = BUILT_PRODUCTS_DIR; };
		EE5A74191B429B73009E104D /* Info.plist */ = {isa = PBXFileReference; lastKnownFileType = text.plist.xml; path = Info.plist; sourceTree = "<group>"; };
		EE5A741A1B429B73009E104D /* MessageComposerView_testTests.m */ = {isa = PBXFileReference; lastKnownFileType = sourcecode.c.objc; path = MessageComposerView_testTests.m; sourceTree = "<group>"; };
		EE5A74241B429B7F009E104D /* MessageComposerView.h */ = {isa = PBXFileReference; fileEncoding = 4; lastKnownFileType = sourcecode.c.h; path = MessageComposerView.h; sourceTree = "<group>"; };
		EE5A74251B429B7F009E104D /* MessageComposerView.m */ = {isa = PBXFileReference; fileEncoding = 4; lastKnownFileType = sourcecode.c.objc; path = MessageComposerView.m; sourceTree = "<group>"; };
		EE5A74271B429F38009E104D /* TableViewController.h */ = {isa = PBXFileReference; fileEncoding = 4; lastKnownFileType = sourcecode.c.h; path = TableViewController.h; sourceTree = "<group>"; };
		EE5A74281B429F38009E104D /* TableViewController.m */ = {isa = PBXFileReference; fileEncoding = 4; lastKnownFileType = sourcecode.c.objc; path = TableViewController.m; sourceTree = "<group>"; };
/* End PBXFileReference section */

/* Begin PBXFrameworksBuildPhase section */
		EE5A73F51B429B73009E104D /* Frameworks */ = {
			isa = PBXFrameworksBuildPhase;
			buildActionMask = 2147483647;
			files = (
			);
			runOnlyForDeploymentPostprocessing = 0;
		};
		EE5A74111B429B73009E104D /* Frameworks */ = {
			isa = PBXFrameworksBuildPhase;
			buildActionMask = 2147483647;
			files = (
			);
			runOnlyForDeploymentPostprocessing = 0;
		};
/* End PBXFrameworksBuildPhase section */

/* Begin PBXGroup section */
		EE5A73EF1B429B73009E104D = {
			isa = PBXGroup;
			children = (
				EE5A73FA1B429B73009E104D /* MessageComposerView-test */,
				EE5A74171B429B73009E104D /* MessageComposerView-testTests */,
				EE5A73F91B429B73009E104D /* Products */,
			);
			sourceTree = "<group>";
		};
		EE5A73F91B429B73009E104D /* Products */ = {
			isa = PBXGroup;
			children = (
				EE5A73F81B429B73009E104D /* MessageComposerView-test.app */,
				EE5A74141B429B73009E104D /* MessageComposerView-testTests.xctest */,
			);
			name = Products;
			sourceTree = "<group>";
		};
		EE5A73FA1B429B73009E104D /* MessageComposerView-test */ = {
			isa = PBXGroup;
			children = (
				EE5A74241B429B7F009E104D /* MessageComposerView.h */,
				EE5A74251B429B7F009E104D /* MessageComposerView.m */,
				EE5A73FF1B429B73009E104D /* AppDelegate.h */,
				EE5A74001B429B73009E104D /* AppDelegate.m */,
				EE5A740B1B429B73009E104D /* Images.xcassets */,
				EE5A74021B429B73009E104D /* MessageComposerView_test.xcdatamodeld */,
				EE5A73FB1B429B73009E104D /* Supporting Files */,
				EE5A74271B429F38009E104D /* TableViewController.h */,
				EE5A74281B429F38009E104D /* TableViewController.m */,
			);
			path = "MessageComposerView-test";
			sourceTree = "<group>";
		};
		EE5A73FB1B429B73009E104D /* Supporting Files */ = {
			isa = PBXGroup;
			children = (
				EE5A73FC1B429B73009E104D /* Info.plist */,
				EE5A73FD1B429B73009E104D /* main.m */,
			);
			name = "Supporting Files";
			sourceTree = "<group>";
		};
		EE5A74171B429B73009E104D /* MessageComposerView-testTests */ = {
			isa = PBXGroup;
			children = (
				EE5A741A1B429B73009E104D /* MessageComposerView_testTests.m */,
				EE5A74181B429B73009E104D /* Supporting Files */,
			);
			path = "MessageComposerView-testTests";
			sourceTree = "<group>";
		};
		EE5A74181B429B73009E104D /* Supporting Files */ = {
			isa = PBXGroup;
			children = (
				EE5A74191B429B73009E104D /* Info.plist */,
			);
			name = "Supporting Files";
			sourceTree = "<group>";
		};
/* End PBXGroup section */

/* Begin PBXNativeTarget section */
		EE5A73F71B429B73009E104D /* MessageComposerView-test */ = {
			isa = PBXNativeTarget;
			buildConfigurationList = EE5A741E1B429B73009E104D /* Build configuration list for PBXNativeTarget "MessageComposerView-test" */;
			buildPhases = (
				EE5A73F41B429B73009E104D /* Sources */,
				EE5A73F51B429B73009E104D /* Frameworks */,
				EE5A73F61B429B73009E104D /* Resources */,
			);
			buildRules = (
			);
			dependencies = (
			);
			name = "MessageComposerView-test";
			productName = "MessageComposerView-test";
			productReference = EE5A73F81B429B73009E104D /* MessageComposerView-test.app */;
			productType = "com.apple.product-type.application";
		};
		EE5A74131B429B73009E104D /* MessageComposerView-testTests */ = {
			isa = PBXNativeTarget;
			buildConfigurationList = EE5A74211B429B73009E104D /* Build configuration list for PBXNativeTarget "MessageComposerView-testTests" */;
			buildPhases = (
				EE5A74101B429B73009E104D /* Sources */,
				EE5A74111B429B73009E104D /* Frameworks */,
				EE5A74121B429B73009E104D /* Resources */,
			);
			buildRules = (
			);
			dependencies = (
				EE5A74161B429B73009E104D /* PBXTargetDependency */,
			);
			name = "MessageComposerView-testTests";
			productName = "MessageComposerView-testTests";
			productReference = EE5A74141B429B73009E104D /* MessageComposerView-testTests.xctest */;
			productType = "com.apple.product-type.bundle.unit-test";
		};
/* End PBXNativeTarget section */

/* Begin PBXProject section */
		EE5A73F01B429B73009E104D /* Project object */ = {
			isa = PBXProject;
			attributes = {
				LastUpgradeCheck = 0630;
				ORGANIZATIONNAME = rovaev;
				TargetAttributes = {
					EE5A73F71B429B73009E104D = {
						CreatedOnToolsVersion = 6.3.2;
					};
					EE5A74131B429B73009E104D = {
						CreatedOnToolsVersion = 6.3.2;
						TestTargetID = EE5A73F71B429B73009E104D;
					};
				};
			};
			buildConfigurationList = EE5A73F31B429B73009E104D /* Build configuration list for PBXProject "MessageComposerView-test" */;
			compatibilityVersion = "Xcode 3.2";
			developmentRegion = English;
			hasScannedForEncodings = 0;
			knownRegions = (
				en,
				Base,
			);
			mainGroup = EE5A73EF1B429B73009E104D;
			productRefGroup = EE5A73F91B429B73009E104D /* Products */;
			projectDirPath = "";
			projectRoot = "";
			targets = (
				EE5A73F71B429B73009E104D /* MessageComposerView-test */,
				EE5A74131B429B73009E104D /* MessageComposerView-testTests */,
			);
		};
/* End PBXProject section */

/* Begin PBXResourcesBuildPhase section */
		EE5A73F61B429B73009E104D /* Resources */ = {
			isa = PBXResourcesBuildPhase;
			buildActionMask = 2147483647;
			files = (
				EE5A740C1B429B73009E104D /* Images.xcassets in Resources */,
			);
			runOnlyForDeploymentPostprocessing = 0;
		};
		EE5A74121B429B73009E104D /* Resources */ = {
			isa = PBXResourcesBuildPhase;
			buildActionMask = 2147483647;
			files = (
			);
			runOnlyForDeploymentPostprocessing = 0;
		};
/* End PBXResourcesBuildPhase section */

/* Begin PBXSourcesBuildPhase section */
		EE5A73F41B429B73009E104D /* Sources */ = {
			isa = PBXSourcesBuildPhase;
			buildActionMask = 2147483647;
			files = (
				EE5A74011B429B73009E104D /* AppDelegate.m in Sources */,
				EE5A74291B429F38009E104D /* TableViewController.m in Sources */,
				EE5A73FE1B429B73009E104D /* main.m in Sources */,
				EE5A74261B429B7F009E104D /* MessageComposerView.m in Sources */,
				EE5A74041B429B73009E104D /* MessageComposerView_test.xcdatamodeld in Sources */,
			);
			runOnlyForDeploymentPostprocessing = 0;
		};
		EE5A74101B429B73009E104D /* Sources */ = {
			isa = PBXSourcesBuildPhase;
			buildActionMask = 2147483647;
			files = (
				EE5A741B1B429B73009E104D /* MessageComposerView_testTests.m in Sources */,
			);
			runOnlyForDeploymentPostprocessing = 0;
		};
/* End PBXSourcesBuildPhase section */

/* Begin PBXTargetDependency section */
		EE5A74161B429B73009E104D /* PBXTargetDependency */ = {
			isa = PBXTargetDependency;
			target = EE5A73F71B429B73009E104D /* MessageComposerView-test */;
			targetProxy = EE5A74151B429B73009E104D /* PBXContainerItemProxy */;
		};
/* End PBXTargetDependency section */

/* Begin XCBuildConfiguration section */
		EE5A741C1B429B73009E104D /* Debug */ = {
			isa = XCBuildConfiguration;
			buildSettings = {
				ALWAYS_SEARCH_USER_PATHS = NO;
				CLANG_CXX_LANGUAGE_STANDARD = "gnu++0x";
				CLANG_CXX_LIBRARY = "libc++";
				CLANG_ENABLE_MODULES = YES;
				CLANG_ENABLE_OBJC_ARC = YES;
				CLANG_WARN_BOOL_CONVERSION = YES;
				CLANG_WARN_CONSTANT_CONVERSION = YES;
				CLANG_WARN_DIRECT_OBJC_ISA_USAGE = YES_ERROR;
				CLANG_WARN_EMPTY_BODY = YES;
				CLANG_WARN_ENUM_CONVERSION = YES;
				CLANG_WARN_INT_CONVERSION = YES;
				CLANG_WARN_OBJC_ROOT_CLASS = YES_ERROR;
				CLANG_WARN_UNREACHABLE_CODE = YES;
				CLANG_WARN__DUPLICATE_METHOD_MATCH = YES;
				"CODE_SIGN_IDENTITY[sdk=iphoneos*]" = "iPhone Developer";
				COPY_PHASE_STRIP = NO;
				DEBUG_INFORMATION_FORMAT = "dwarf-with-dsym";
				ENABLE_STRICT_OBJC_MSGSEND = YES;
				GCC_C_LANGUAGE_STANDARD = gnu99;
				GCC_DYNAMIC_NO_PIC = NO;
				GCC_NO_COMMON_BLOCKS = YES;
				GCC_OPTIMIZATION_LEVEL = 0;
				GCC_PREPROCESSOR_DEFINITIONS = (
					"DEBUG=1",
					"$(inherited)",
				);
				GCC_SYMBOLS_PRIVATE_EXTERN = NO;
				GCC_WARN_64_TO_32_BIT_CONVERSION = YES;
				GCC_WARN_ABOUT_RETURN_TYPE = YES_ERROR;
				GCC_WARN_UNDECLARED_SELECTOR = YES;
				GCC_WARN_UNINITIALIZED_AUTOS = YES_AGGRESSIVE;
				GCC_WARN_UNUSED_FUNCTION = YES;
				GCC_WARN_UNUSED_VARIABLE = YES;
				IPHONEOS_DEPLOYMENT_TARGET = 8.3;
				MTL_ENABLE_DEBUG_INFO = YES;
				ONLY_ACTIVE_ARCH = YES;
				SDKROOT = iphoneos;
				TARGETED_DEVICE_FAMILY = "1,2";
			};
			name = Debug;
		};
		EE5A741D1B429B73009E104D /* Release */ = {
			isa = XCBuildConfiguration;
			buildSettings = {
				ALWAYS_SEARCH_USER_PATHS = NO;
				CLANG_CXX_LANGUAGE_STANDARD = "gnu++0x";
				CLANG_CXX_LIBRARY = "libc++";
				CLANG_ENABLE_MODULES = YES;
				CLANG_ENABLE_OBJC_ARC = YES;
				CLANG_WARN_BOOL_CONVERSION = YES;
				CLANG_WARN_CONSTANT_CONVERSION = YES;
				CLANG_WARN_DIRECT_OBJC_ISA_USAGE = YES_ERROR;
				CLANG_WARN_EMPTY_BODY = YES;
				CLANG_WARN_ENUM_CONVERSION = YES;
				CLANG_WARN_INT_CONVERSION = YES;
				CLANG_WARN_OBJC_ROOT_CLASS = YES_ERROR;
				CLANG_WARN_UNREACHABLE_CODE = YES;
				CLANG_WARN__DUPLICATE_METHOD_MATCH = YES;
				"CODE_SIGN_IDENTITY[sdk=iphoneos*]" = "iPhone Developer";
				COPY_PHASE_STRIP = NO;
				DEBUG_INFORMATION_FORMAT = "dwarf-with-dsym";
				ENABLE_NS_ASSERTIONS = NO;
				ENABLE_STRICT_OBJC_MSGSEND = YES;
				GCC_C_LANGUAGE_STANDARD = gnu99;
				GCC_NO_COMMON_BLOCKS = YES;
				GCC_WARN_64_TO_32_BIT_CONVERSION = YES;
				GCC_WARN_ABOUT_RETURN_TYPE = YES_ERROR;
				GCC_WARN_UNDECLARED_SELECTOR = YES;
				GCC_WARN_UNINITIALIZED_AUTOS = YES_AGGRESSIVE;
				GCC_WARN_UNUSED_FUNCTION = YES;
				GCC_WARN_UNUSED_VARIABLE = YES;
				IPHONEOS_DEPLOYMENT_TARGET = 8.3;
				MTL_ENABLE_DEBUG_INFO = NO;
				SDKROOT = iphoneos;
				TARGETED_DEVICE_FAMILY = "1,2";
				VALIDATE_PRODUCT = YES;
			};
			name = Release;
		};
		EE5A741F1B429B73009E104D /* Debug */ = {
			isa = XCBuildConfiguration;
			buildSettings = {
				ASSETCATALOG_COMPILER_APPICON_NAME = AppIcon;
				INFOPLIST_FILE = "MessageComposerView-test/Info.plist";
				LD_RUNPATH_SEARCH_PATHS = "$(inherited) @executable_path/Frameworks";
				PRODUCT_NAME = "$(TARGET_NAME)";
				TARGETED_DEVICE_FAMILY = "1,2";
			};
			name = Debug;
		};
		EE5A74201B429B73009E104D /* Release */ = {
			isa = XCBuildConfiguration;
			buildSettings = {
				ASSETCATALOG_COMPILER_APPICON_NAME = AppIcon;
				INFOPLIST_FILE = "MessageComposerView-test/Info.plist";
				LD_RUNPATH_SEARCH_PATHS = "$(inherited) @executable_path/Frameworks";
				PRODUCT_NAME = "$(TARGET_NAME)";
				TARGETED_DEVICE_FAMILY = "1,2";
			};
			name = Release;
		};
		EE5A74221B429B73009E104D /* Debug */ = {
			isa = XCBuildConfiguration;
			buildSettings = {
				BUNDLE_LOADER = "$(TEST_HOST)";
				FRAMEWORK_SEARCH_PATHS = (
					"$(SDKROOT)/Developer/Library/Frameworks",
					"$(inherited)",
				);
				GCC_PREPROCESSOR_DEFINITIONS = (
					"DEBUG=1",
					"$(inherited)",
				);
				INFOPLIST_FILE = "MessageComposerView-testTests/Info.plist";
				LD_RUNPATH_SEARCH_PATHS = "$(inherited) @executable_path/Frameworks @loader_path/Frameworks";
				PRODUCT_NAME = "$(TARGET_NAME)";
				TEST_HOST = "$(BUILT_PRODUCTS_DIR)/MessageComposerView-test.app/MessageComposerView-test";
			};
			name = Debug;
		};
		EE5A74231B429B73009E104D /* Release */ = {
			isa = XCBuildConfiguration;
			buildSettings = {
				BUNDLE_LOADER = "$(TEST_HOST)";
				FRAMEWORK_SEARCH_PATHS = (
					"$(SDKROOT)/Developer/Library/Frameworks",
					"$(inherited)",
				);
				INFOPLIST_FILE = "MessageComposerView-testTests/Info.plist";
				LD_RUNPATH_SEARCH_PATHS = "$(inherited) @executable_path/Frameworks @loader_path/Frameworks";
				PRODUCT_NAME = "$(TARGET_NAME)";
				TEST_HOST = "$(BUILT_PRODUCTS_DIR)/MessageComposerView-test.app/MessageComposerView-test";
			};
			name = Release;
		};
/* End XCBuildConfiguration section */

/* Begin XCConfigurationList section */
		EE5A73F31B429B73009E104D /* Build configuration list for PBXProject "MessageComposerView-test" */ = {
			isa = XCConfigurationList;
			buildConfigurations = (
				EE5A741C1B429B73009E104D /* Debug */,
				EE5A741D1B429B73009E104D /* Release */,
			);
			defaultConfigurationIsVisible = 0;
			defaultConfigurationName = Release;
		};
		EE5A741E1B429B73009E104D /* Build configuration list for PBXNativeTarget "MessageComposerView-test" */ = {
			isa = XCConfigurationList;
			buildConfigurations = (
				EE5A741F1B429B73009E104D /* Debug */,
				EE5A74201B429B73009E104D /* Release */,
			);
			defaultConfigurationIsVisible = 0;
		};
		EE5A74211B429B73009E104D /* Build configuration list for PBXNativeTarget "MessageComposerView-testTests" */ = {
			isa = XCConfigurationList;
			buildConfigurations = (
				EE5A74221B429B73009E104D /* Debug */,
				EE5A74231B429B73009E104D /* Release */,
			);
			defaultConfigurationIsVisible = 0;
		};
/* End XCConfigurationList section */

/* Begin XCVersionGroup section */
		EE5A74021B429B73009E104D /* MessageComposerView_test.xcdatamodeld */ = {
			isa = XCVersionGroup;
			children = (
				EE5A74031B429B73009E104D /* MessageComposerView_test.xcdatamodel */,
			);
			currentVersion = EE5A74031B429B73009E104D /* MessageComposerView_test.xcdatamodel */;
			path = MessageComposerView_test.xcdatamodeld;
			sourceTree = "<group>";
			versionGroupType = wrapper.xcdatamodel;
		};
/* End XCVersionGroup section */
	};
	rootObject = EE5A73F01B429B73009E104D /* Project object */;
}
