// !$*UTF8*$!
{
	archiveVersion = 1;
	classes = {
	};
	objectVersion = 46;
	objects = {

/* Begin PBXBuildFile section */
		6A00BC361C9C047E00F5EA85 /* AppDelegate.swift in Sources */ = {isa = PBXBuildFile; fileRef = 6A00BC351C9C047E00F5EA85 /* AppDelegate.swift */; };
		6A00BC381C9C047E00F5EA85 /* ViewController.swift in Sources */ = {isa = PBXBuildFile; fileRef = 6A00BC371C9C047E00F5EA85 /* ViewController.swift */; };
		6A00BC3B1C9C047E00F5EA85 /* Main.storyboard in Resources */ = {isa = PBXBuildFile; fileRef = 6A00BC391C9C047E00F5EA85 /* Main.storyboard */; };
		6A00BC3D1C9C047E00F5EA85 /* Assets.xcassets in Resources */ = {isa = PBXBuildFile; fileRef = 6A00BC3C1C9C047E00F5EA85 /* Assets.xcassets */; };
		6A00BC401C9C047E00F5EA85 /* LaunchScreen.storyboard in Resources */ = {isa = PBXBuildFile; fileRef = 6A00BC3E1C9C047E00F5EA85 /* LaunchScreen.storyboard */; };
		6A00BC4B1C9C047E00F5EA85 /* SwiftHelloWorldTests.swift in Sources */ = {isa = PBXBuildFile; fileRef = 6A00BC4A1C9C047E00F5EA85 /* SwiftHelloWorldTests.swift */; };
		6A00BC561C9C047F00F5EA85 /* SwiftHelloWorldUITests.swift in Sources */ = {isa = PBXBuildFile; fileRef = 6A00BC551C9C047F00F5EA85 /* SwiftHelloWorldUITests.swift */; };
		6A00BC661C9C04FC00F5EA85 /* TestManager.swift in Sources */ = {isa = PBXBuildFile; fileRef = 6A00BC651C9C04FC00F5EA85 /* TestManager.swift */; };
/* End PBXBuildFile section */

/* Begin PBXContainerItemProxy section */
		6A00BC471C9C047E00F5EA85 /* PBXContainerItemProxy */ = {
			isa = PBXContainerItemProxy;
			containerPortal = 6A00BC2A1C9C047E00F5EA85 /* Project object */;
			proxyType = 1;
			remoteGlobalIDString = 6A00BC311C9C047E00F5EA85;
			remoteInfo = SwiftHelloWorld;
		};
		6A00BC521C9C047F00F5EA85 /* PBXContainerItemProxy */ = {
			isa = PBXContainerItemProxy;
			containerPortal = 6A00BC2A1C9C047E00F5EA85 /* Project object */;
			proxyType = 1;
			remoteGlobalIDString = 6A00BC311C9C047E00F5EA85;
			remoteInfo = SwiftHelloWorld;
		};
/* End PBXContainerItemProxy section */

/* Begin PBXFileReference section */
		6A00BC321C9C047E00F5EA85 /* SwiftHelloWorld.app */ = {isa = PBXFileReference; explicitFileType = wrapper.application; includeInIndex = 0; path = SwiftHelloWorld.app; sourceTree = BUILT_PRODUCTS_DIR; };
		6A00BC351C9C047E00F5EA85 /* AppDelegate.swift */ = {isa = PBXFileReference; lastKnownFileType = sourcecode.swift; path = AppDelegate.swift; sourceTree = "<group>"; };
		6A00BC371C9C047E00F5EA85 /* ViewController.swift */ = {isa = PBXFileReference; lastKnownFileType = sourcecode.swift; path = ViewController.swift; sourceTree = "<group>"; };
		6A00BC3A1C9C047E00F5EA85 /* Base */ = {isa = PBXFileReference; lastKnownFileType = file.storyboard; name = Base; path = Base.lproj/Main.storyboard; sourceTree = "<group>"; };
		6A00BC3C1C9C047E00F5EA85 /* Assets.xcassets */ = {isa = PBXFileReference; lastKnownFileType = folder.assetcatalog; path = Assets.xcassets; sourceTree = "<group>"; };
		6A00BC3F1C9C047E00F5EA85 /* Base */ = {isa = PBXFileReference; lastKnownFileType = file.storyboard; name = Base; path = Base.lproj/LaunchScreen.storyboard; sourceTree = "<group>"; };
		6A00BC411C9C047E00F5EA85 /* Info.plist */ = {isa = PBXFileReference; lastKnownFileType = text.plist.xml; path = Info.plist; sourceTree = "<group>"; };
		6A00BC461C9C047E00F5EA85 /* SwiftHelloWorldTests.xctest */ = {isa = PBXFileReference; explicitFileType = wrapper.cfbundle; includeInIndex = 0; path = SwiftHelloWorldTests.xctest; sourceTree = BUILT_PRODUCTS_DIR; };
		6A00BC4A1C9C047E00F5EA85 /* SwiftHelloWorldTests.swift */ = {isa = PBXFileReference; lastKnownFileType = sourcecode.swift; path = SwiftHelloWorldTests.swift; sourceTree = "<group>"; };
		6A00BC4C1C9C047E00F5EA85 /* Info.plist */ = {isa = PBXFileReference; lastKnownFileType = text.plist.xml; path = Info.plist; sourceTree = "<group>"; };
		6A00BC511C9C047F00F5EA85 /* SwiftHelloWorldUITests.xctest */ = {isa = PBXFileReference; explicitFileType = wrapper.cfbundle; includeInIndex = 0; path = SwiftHelloWorldUITests.xctest; sourceTree = BUILT_PRODUCTS_DIR; };
		6A00BC551C9C047F00F5EA85 /* SwiftHelloWorldUITests.swift */ = {isa = PBXFileReference; lastKnownFileType = sourcecode.swift; path = SwiftHelloWorldUITests.swift; sourceTree = "<group>"; };
		6A00BC571C9C047F00F5EA85 /* Info.plist */ = {isa = PBXFileReference; lastKnownFileType = text.plist.xml; path = Info.plist; sourceTree = "<group>"; };
		6A00BC651C9C04FC00F5EA85 /* TestManager.swift */ = {isa = PBXFileReference; fileEncoding = 4; lastKnownFileType = sourcecode.swift; path = TestManager.swift; sourceTree = "<group>"; };
/* End PBXFileReference section */

/* Begin PBXFrameworksBuildPhase section */
		6A00BC2F1C9C047E00F5EA85 /* Frameworks */ = {
			isa = PBXFrameworksBuildPhase;
			buildActionMask = 2147483647;
			files = (
			);
			runOnlyForDeploymentPostprocessing = 0;
		};
		6A00BC431C9C047E00F5EA85 /* Frameworks */ = {
			isa = PBXFrameworksBuildPhase;
			buildActionMask = 2147483647;
			files = (
			);
			runOnlyForDeploymentPostprocessing = 0;
		};
		6A00BC4E1C9C047F00F5EA85 /* Frameworks */ = {
			isa = PBXFrameworksBuildPhase;
			buildActionMask = 2147483647;
			files = (
			);
			runOnlyForDeploymentPostprocessing = 0;
		};
/* End PBXFrameworksBuildPhase section */

/* Begin PBXGroup section */
		6A00BC291C9C047E00F5EA85 = {
			isa = PBXGroup;
			children = (
				6A00BC341C9C047E00F5EA85 /* SwiftHelloWorld */,
				6A00BC491C9C047E00F5EA85 /* SwiftHelloWorldTests */,
				6A00BC541C9C047F00F5EA85 /* SwiftHelloWorldUITests */,
				6A00BC331C9C047E00F5EA85 /* Products */,
			);
			sourceTree = "<group>";
		};
		6A00BC331C9C047E00F5EA85 /* Products */ = {
			isa = PBXGroup;
			children = (
				6A00BC321C9C047E00F5EA85 /* SwiftHelloWorld.app */,
				6A00BC461C9C047E00F5EA85 /* SwiftHelloWorldTests.xctest */,
				6A00BC511C9C047F00F5EA85 /* SwiftHelloWorldUITests.xctest */,
			);
			name = Products;
			sourceTree = "<group>";
		};
		6A00BC341C9C047E00F5EA85 /* SwiftHelloWorld */ = {
			isa = PBXGroup;
			children = (
				6A00BC351C9C047E00F5EA85 /* AppDelegate.swift */,
				6A00BC371C9C047E00F5EA85 /* ViewController.swift */,
				6A00BC391C9C047E00F5EA85 /* Main.storyboard */,
				6A00BC3C1C9C047E00F5EA85 /* Assets.xcassets */,
				6A00BC3E1C9C047E00F5EA85 /* LaunchScreen.storyboard */,
				6A00BC411C9C047E00F5EA85 /* Info.plist */,
				6A00BC651C9C04FC00F5EA85 /* TestManager.swift */,
			);
			path = SwiftHelloWorld;
			sourceTree = "<group>";
		};
		6A00BC491C9C047E00F5EA85 /* SwiftHelloWorldTests */ = {
			isa = PBXGroup;
			children = (
				6A00BC4A1C9C047E00F5EA85 /* SwiftHelloWorldTests.swift */,
				6A00BC4C1C9C047E00F5EA85 /* Info.plist */,
			);
			path = SwiftHelloWorldTests;
			sourceTree = "<group>";
		};
		6A00BC541C9C047F00F5EA85 /* SwiftHelloWorldUITests */ = {
			isa = PBXGroup;
			children = (
				6A00BC551C9C047F00F5EA85 /* SwiftHelloWorldUITests.swift */,
				6A00BC571C9C047F00F5EA85 /* Info.plist */,
			);
			path = SwiftHelloWorldUITests;
			sourceTree = "<group>";
		};
/* End PBXGroup section */

/* Begin PBXNativeTarget section */
		6A00BC311C9C047E00F5EA85 /* SwiftHelloWorld */ = {
			isa = PBXNativeTarget;
			buildConfigurationList = 6A00BC5A1C9C047F00F5EA85 /* Build configuration list for PBXNativeTarget "SwiftHelloWorld" */;
			buildPhases = (
				6A00BC2E1C9C047E00F5EA85 /* Sources */,
				6A00BC2F1C9C047E00F5EA85 /* Frameworks */,
				6A00BC301C9C047E00F5EA85 /* Resources */,
			);
			buildRules = (
			);
			dependencies = (
			);
			name = SwiftHelloWorld;
			productName = SwiftHelloWorld;
			productReference = 6A00BC321C9C047E00F5EA85 /* SwiftHelloWorld.app */;
			productType = "com.apple.product-type.application";
		};
		6A00BC451C9C047E00F5EA85 /* SwiftHelloWorldTests */ = {
			isa = PBXNativeTarget;
			buildConfigurationList = 6A00BC5D1C9C047F00F5EA85 /* Build configuration list for PBXNativeTarget "SwiftHelloWorldTests" */;
			buildPhases = (
				6A00BC421C9C047E00F5EA85 /* Sources */,
				6A00BC431C9C047E00F5EA85 /* Frameworks */,
				6A00BC441C9C047E00F5EA85 /* Resources */,
			);
			buildRules = (
			);
			dependencies = (
				6A00BC481C9C047E00F5EA85 /* PBXTargetDependency */,
			);
			name = SwiftHelloWorldTests;
			productName = SwiftHelloWorldTests;
			productReference = 6A00BC461C9C047E00F5EA85 /* SwiftHelloWorldTests.xctest */;
			productType = "com.apple.product-type.bundle.unit-test";
		};
		6A00BC501C9C047F00F5EA85 /* SwiftHelloWorldUITests */ = {
			isa = PBXNativeTarget;
			buildConfigurationList = 6A00BC601C9C047F00F5EA85 /* Build configuration list for PBXNativeTarget "SwiftHelloWorldUITests" */;
			buildPhases = (
				6A00BC4D1C9C047F00F5EA85 /* Sources */,
				6A00BC4E1C9C047F00F5EA85 /* Frameworks */,
				6A00BC4F1C9C047F00F5EA85 /* Resources */,
			);
			buildRules = (
			);
			dependencies = (
				6A00BC531C9C047F00F5EA85 /* PBXTargetDependency */,
			);
			name = SwiftHelloWorldUITests;
			productName = SwiftHelloWorldUITests;
			productReference = 6A00BC511C9C047F00F5EA85 /* SwiftHelloWorldUITests.xctest */;
			productType = "com.apple.product-type.bundle.ui-testing";
		};
/* End PBXNativeTarget section */

/* Begin PBXProject section */
		6A00BC2A1C9C047E00F5EA85 /* Project object */ = {
			isa = PBXProject;
			attributes = {
				LastSwiftUpdateCheck = 0720;
				LastUpgradeCheck = 0720;
				ORGANIZATIONNAME = "Stephen Kopylov - Home";
				TargetAttributes = {
					6A00BC311C9C047E00F5EA85 = {
						CreatedOnToolsVersion = 7.2.1;
					};
					6A00BC451C9C047E00F5EA85 = {
						CreatedOnToolsVersion = 7.2.1;
						TestTargetID = 6A00BC311C9C047E00F5EA85;
					};
					6A00BC501C9C047F00F5EA85 = {
						CreatedOnToolsVersion = 7.2.1;
						TestTargetID = 6A00BC311C9C047E00F5EA85;
					};
				};
			};
			buildConfigurationList = 6A00BC2D1C9C047E00F5EA85 /* Build configuration list for PBXProject "SwiftHelloWorld" */;
			compatibilityVersion = "Xcode 3.2";
			developmentRegion = English;
			hasScannedForEncodings = 0;
			knownRegions = (
				en,
				Base,
			);
			mainGroup = 6A00BC291C9C047E00F5EA85;
			productRefGroup = 6A00BC331C9C047E00F5EA85 /* Products */;
			projectDirPath = "";
			projectRoot = "";
			targets = (
				6A00BC311C9C047E00F5EA85 /* SwiftHelloWorld */,
				6A00BC451C9C047E00F5EA85 /* SwiftHelloWorldTests */,
				6A00BC501C9C047F00F5EA85 /* SwiftHelloWorldUITests */,
			);
		};
/* End PBXProject section */

/* Begin PBXResourcesBuildPhase section */
		6A00BC301C9C047E00F5EA85 /* Resources */ = {
			isa = PBXResourcesBuildPhase;
			buildActionMask = 2147483647;
			files = (
				6A00BC401C9C047E00F5EA85 /* LaunchScreen.storyboard in Resources */,
				6A00BC3D1C9C047E00F5EA85 /* Assets.xcassets in Resources */,
				6A00BC3B1C9C047E00F5EA85 /* Main.storyboard in Resources */,
			);
			runOnlyForDeploymentPostprocessing = 0;
		};
		6A00BC441C9C047E00F5EA85 /* Resources */ = {
			isa = PBXResourcesBuildPhase;
			buildActionMask = 2147483647;
			files = (
			);
			runOnlyForDeploymentPostprocessing = 0;
		};
		6A00BC4F1C9C047F00F5EA85 /* Resources */ = {
			isa = PBXResourcesBuildPhase;
			buildActionMask = 2147483647;
			files = (
			);
			runOnlyForDeploymentPostprocessing = 0;
		};
/* End PBXResourcesBuildPhase section */

/* Begin PBXSourcesBuildPhase section */
		6A00BC2E1C9C047E00F5EA85 /* Sources */ = {
			isa = PBXSourcesBuildPhase;
			buildActionMask = 2147483647;
			files = (
				6A00BC381C9C047E00F5EA85 /* ViewController.swift in Sources */,
				6A00BC661C9C04FC00F5EA85 /* TestManager.swift in Sources */,
				6A00BC361C9C047E00F5EA85 /* AppDelegate.swift in Sources */,
			);
			runOnlyForDeploymentPostprocessing = 0;
		};
		6A00BC421C9C047E00F5EA85 /* Sources */ = {
			isa = PBXSourcesBuildPhase;
			buildActionMask = 2147483647;
			files = (
				6A00BC4B1C9C047E00F5EA85 /* SwiftHelloWorldTests.swift in Sources */,
			);
			runOnlyForDeploymentPostprocessing = 0;
		};
		6A00BC4D1C9C047F00F5EA85 /* Sources */ = {
			isa = PBXSourcesBuildPhase;
			buildActionMask = 2147483647;
			files = (
				6A00BC561C9C047F00F5EA85 /* SwiftHelloWorldUITests.swift in Sources */,
			);
			runOnlyForDeploymentPostprocessing = 0;
		};
/* End PBXSourcesBuildPhase section */

/* Begin PBXTargetDependency section */
		6A00BC481C9C047E00F5EA85 /* PBXTargetDependency */ = {
			isa = PBXTargetDependency;
			target = 6A00BC311C9C047E00F5EA85 /* SwiftHelloWorld */;
			targetProxy = 6A00BC471C9C047E00F5EA85 /* PBXContainerItemProxy */;
		};
		6A00BC531C9C047F00F5EA85 /* PBXTargetDependency */ = {
			isa = PBXTargetDependency;
			target = 6A00BC311C9C047E00F5EA85 /* SwiftHelloWorld */;
			targetProxy = 6A00BC521C9C047F00F5EA85 /* PBXContainerItemProxy */;
		};
/* End PBXTargetDependency section */

/* Begin PBXVariantGroup section */
		6A00BC391C9C047E00F5EA85 /* Main.storyboard */ = {
			isa = PBXVariantGroup;
			children = (
				6A00BC3A1C9C047E00F5EA85 /* Base */,
			);
			name = Main.storyboard;
			sourceTree = "<group>";
		};
		6A00BC3E1C9C047E00F5EA85 /* LaunchScreen.storyboard */ = {
			isa = PBXVariantGroup;
			children = (
				6A00BC3F1C9C047E00F5EA85 /* Base */,
			);
			name = LaunchScreen.storyboard;
			sourceTree = "<group>";
		};
/* End PBXVariantGroup section */

/* Begin XCBuildConfiguration section */
		6A00BC581C9C047F00F5EA85 /* Debug */ = {
			isa = XCBuildConfiguration;
			buildSettings = {
				ALWAYS_SEARCH_USER_PATHS = NO;
				CLANG_CXX_LANGUAGE_STANDARD = "gnu++0x";
				CLANG_CXX_LIBRARY = "libc++";
				CLANG_ENABLE_MODULES = YES;
				CLANG_ENABLE_OBJC_ARC = YES;
				CLANG_WARN_BOOL_CONVERSION = YES;
				CLANG_WARN_CONSTANT_CONVERSION = YES;
				CLANG_WARN_DIRECT_OBJC_ISA_USAGE = YES_ERROR;
				CLANG_WARN_EMPTY_BODY = YES;
				CLANG_WARN_ENUM_CONVERSION = YES;
				CLANG_WARN_INT_CONVERSION = YES;
				CLANG_WARN_OBJC_ROOT_CLASS = YES_ERROR;
				CLANG_WARN_UNREACHABLE_CODE = YES;
				CLANG_WARN__DUPLICATE_METHOD_MATCH = YES;
				"CODE_SIGN_IDENTITY[sdk=iphoneos*]" = "iPhone Developer";
				COPY_PHASE_STRIP = NO;
				DEBUG_INFORMATION_FORMAT = dwarf;
				ENABLE_STRICT_OBJC_MSGSEND = YES;
				ENABLE_TESTABILITY = YES;
				GCC_C_LANGUAGE_STANDARD = gnu99;
				GCC_DYNAMIC_NO_PIC = NO;
				GCC_NO_COMMON_BLOCKS = YES;
				GCC_OPTIMIZATION_LEVEL = 0;
				GCC_PREPROCESSOR_DEFINITIONS = (
					"DEBUG=1",
					"$(inherited)",
				);
				GCC_WARN_64_TO_32_BIT_CONVERSION = YES;
				GCC_WARN_ABOUT_RETURN_TYPE = YES_ERROR;
				GCC_WARN_UNDECLARED_SELECTOR = YES;
				GCC_WARN_UNINITIALIZED_AUTOS = YES_AGGRESSIVE;
				GCC_WARN_UNUSED_FUNCTION = YES;
				GCC_WARN_UNUSED_VARIABLE = YES;
				IPHONEOS_DEPLOYMENT_TARGET = 9.2;
				MTL_ENABLE_DEBUG_INFO = YES;
				ONLY_ACTIVE_ARCH = YES;
				SDKROOT = iphoneos;
				SWIFT_OPTIMIZATION_LEVEL = "-Onone";
				TARGETED_DEVICE_FAMILY = "1,2";
			};
			name = Debug;
		};
		6A00BC591C9C047F00F5EA85 /* Release */ = {
			isa = XCBuildConfiguration;
			buildSettings = {
				ALWAYS_SEARCH_USER_PATHS = NO;
				CLANG_CXX_LANGUAGE_STANDARD = "gnu++0x";
				CLANG_CXX_LIBRARY = "libc++";
				CLANG_ENABLE_MODULES = YES;
				CLANG_ENABLE_OBJC_ARC = YES;
				CLANG_WARN_BOOL_CONVERSION = YES;
				CLANG_WARN_CONSTANT_CONVERSION = YES;
				CLANG_WARN_DIRECT_OBJC_ISA_USAGE = YES_ERROR;
				CLANG_WARN_EMPTY_BODY = YES;
				CLANG_WARN_ENUM_CONVERSION = YES;
				CLANG_WARN_INT_CONVERSION = YES;
				CLANG_WARN_OBJC_ROOT_CLASS = YES_ERROR;
				CLANG_WARN_UNREACHABLE_CODE = YES;
				CLANG_WARN__DUPLICATE_METHOD_MATCH = YES;
				"CODE_SIGN_IDENTITY[sdk=iphoneos*]" = "iPhone Developer";
				COPY_PHASE_STRIP = NO;
				DEBUG_INFORMATION_FORMAT = "dwarf-with-dsym";
				ENABLE_NS_ASSERTIONS = NO;
				ENABLE_STRICT_OBJC_MSGSEND = YES;
				GCC_C_LANGUAGE_STANDARD = gnu99;
				GCC_NO_COMMON_BLOCKS = YES;
				GCC_WARN_64_TO_32_BIT_CONVERSION = YES;
				GCC_WARN_ABOUT_RETURN_TYPE = YES_ERROR;
				GCC_WARN_UNDECLARED_SELECTOR = YES;
				GCC_WARN_UNINITIALIZED_AUTOS = YES_AGGRESSIVE;
				GCC_WARN_UNUSED_FUNCTION = YES;
				GCC_WARN_UNUSED_VARIABLE = YES;
				IPHONEOS_DEPLOYMENT_TARGET = 9.2;
				MTL_ENABLE_DEBUG_INFO = NO;
				SDKROOT = iphoneos;
				TARGETED_DEVICE_FAMILY = "1,2";
				VALIDATE_PRODUCT = YES;
			};
			name = Release;
		};
		6A00BC5B1C9C047F00F5EA85 /* Debug */ = {
			isa = XCBuildConfiguration;
			buildSettings = {
				ASSETCATALOG_COMPILER_APPICON_NAME = AppIcon;
				INFOPLIST_FILE = SwiftHelloWorld/Info.plist;
				LD_RUNPATH_SEARCH_PATHS = "$(inherited) @executable_path/Frameworks";
				PRODUCT_BUNDLE_IDENTIFIER = "-23.SwiftHelloWorld";
				PRODUCT_NAME = "$(TARGET_NAME)";
			};
			name = Debug;
		};
		6A00BC5C1C9C047F00F5EA85 /* Release */ = {
			isa = XCBuildConfiguration;
			buildSettings = {
				ASSETCATALOG_COMPILER_APPICON_NAME = AppIcon;
				INFOPLIST_FILE = SwiftHelloWorld/Info.plist;
				LD_RUNPATH_SEARCH_PATHS = "$(inherited) @executable_path/Frameworks";
				PRODUCT_BUNDLE_IDENTIFIER = "-23.SwiftHelloWorld";
				PRODUCT_NAME = "$(TARGET_NAME)";
			};
			name = Release;
		};
		6A00BC5E1C9C047F00F5EA85 /* Debug */ = {
			isa = XCBuildConfiguration;
			buildSettings = {
				BUNDLE_LOADER = "$(TEST_HOST)";
				INFOPLIST_FILE = SwiftHelloWorldTests/Info.plist;
				LD_RUNPATH_SEARCH_PATHS = "$(inherited) @executable_path/Frameworks @loader_path/Frameworks";
				PRODUCT_BUNDLE_IDENTIFIER = "-23.SwiftHelloWorldTests";
				PRODUCT_NAME = "$(TARGET_NAME)";
				TEST_HOST = "$(BUILT_PRODUCTS_DIR)/SwiftHelloWorld.app/SwiftHelloWorld";
			};
			name = Debug;
		};
		6A00BC5F1C9C047F00F5EA85 /* Release */ = {
			isa = XCBuildConfiguration;
			buildSettings = {
				BUNDLE_LOADER = "$(TEST_HOST)";
				INFOPLIST_FILE = SwiftHelloWorldTests/Info.plist;
				LD_RUNPATH_SEARCH_PATHS = "$(inherited) @executable_path/Frameworks @loader_path/Frameworks";
				PRODUCT_BUNDLE_IDENTIFIER = "-23.SwiftHelloWorldTests";
				PRODUCT_NAME = "$(TARGET_NAME)";
				TEST_HOST = "$(BUILT_PRODUCTS_DIR)/SwiftHelloWorld.app/SwiftHelloWorld";
			};
			name = Release;
		};
		6A00BC611C9C047F00F5EA85 /* Debug */ = {
			isa = XCBuildConfiguration;
			buildSettings = {
				INFOPLIST_FILE = SwiftHelloWorldUITests/Info.plist;
				LD_RUNPATH_SEARCH_PATHS = "$(inherited) @executable_path/Frameworks @loader_path/Frameworks";
				PRODUCT_BUNDLE_IDENTIFIER = "-23.SwiftHelloWorldUITests";
				PRODUCT_NAME = "$(TARGET_NAME)";
				TEST_TARGET_NAME = SwiftHelloWorld;
				USES_XCTRUNNER = YES;
			};
			name = Debug;
		};
		6A00BC621C9C047F00F5EA85 /* Release */ = {
			isa = XCBuildConfiguration;
			buildSettings = {
				INFOPLIST_FILE = SwiftHelloWorldUITests/Info.plist;
				LD_RUNPATH_SEARCH_PATHS = "$(inherited) @executable_path/Frameworks @loader_path/Frameworks";
				PRODUCT_BUNDLE_IDENTIFIER = "-23.SwiftHelloWorldUITests";
				PRODUCT_NAME = "$(TARGET_NAME)";
				TEST_TARGET_NAME = SwiftHelloWorld;
				USES_XCTRUNNER = YES;
			};
			name = Release;
		};
/* End XCBuildConfiguration section */

/* Begin XCConfigurationList section */
		6A00BC2D1C9C047E00F5EA85 /* Build configuration list for PBXProject "SwiftHelloWorld" */ = {
			isa = XCConfigurationList;
			buildConfigurations = (
				6A00BC581C9C047F00F5EA85 /* Debug */,
				6A00BC591C9C047F00F5EA85 /* Release */,
			);
			defaultConfigurationIsVisible = 0;
			defaultConfigurationName = Release;
		};
		6A00BC5A1C9C047F00F5EA85 /* Build configuration list for PBXNativeTarget "SwiftHelloWorld" */ = {
			isa = XCConfigurationList;
			buildConfigurations = (
				6A00BC5B1C9C047F00F5EA85 /* Debug */,
				6A00BC5C1C9C047F00F5EA85 /* Release */,
			);
			defaultConfigurationIsVisible = 0;
		};
		6A00BC5D1C9C047F00F5EA85 /* Build configuration list for PBXNativeTarget "SwiftHelloWorldTests" */ = {
			isa = XCConfigurationList;
			buildConfigurations = (
				6A00BC5E1C9C047F00F5EA85 /* Debug */,
				6A00BC5F1C9C047F00F5EA85 /* Release */,
			);
			defaultConfigurationIsVisible = 0;
		};
		6A00BC601C9C047F00F5EA85 /* Build configuration list for PBXNativeTarget "SwiftHelloWorldUITests" */ = {
			isa = XCConfigurationList;
			buildConfigurations = (
				6A00BC611C9C047F00F5EA85 /* Debug */,
				6A00BC621C9C047F00F5EA85 /* Release */,
			);
			defaultConfigurationIsVisible = 0;
		};
/* End XCConfigurationList section */
	};
	rootObject = 6A00BC2A1C9C047E00F5EA85 /* Project object */;
}
